// !$*UTF8*$!
{
	archiveVersion = 1;
	classes = {
	};
	objectVersion = 50;
	objects = {

/* Begin PBXBuildFile section */
		A0B785FC2685E6C3001E3BA0 /* AppDelegate.swift in Sources */ = {isa = PBXBuildFile; fileRef = A0B785FB2685E6C3001E3BA0 /* AppDelegate.swift */; };
		A0B785FE2685E6C3001E3BA0 /* SceneDelegate.swift in Sources */ = {isa = PBXBuildFile; fileRef = A0B785FD2685E6C3001E3BA0 /* SceneDelegate.swift */; };
		A0B786002685E6C3001E3BA0 /* ViewController.swift in Sources */ = {isa = PBXBuildFile; fileRef = A0B785FF2685E6C3001E3BA0 /* ViewController.swift */; };
		A0B786032685E6C3001E3BA0 /* Main.storyboard in Resources */ = {isa = PBXBuildFile; fileRef = A0B786012685E6C3001E3BA0 /* Main.storyboard */; };
		A0B786052685E6C5001E3BA0 /* Assets.xcassets in Resources */ = {isa = PBXBuildFile; fileRef = A0B786042685E6C5001E3BA0 /* Assets.xcassets */; };
		A0B786082685E6C5001E3BA0 /* LaunchScreen.storyboard in Resources */ = {isa = PBXBuildFile; fileRef = A0B786062685E6C5001E3BA0 /* LaunchScreen.storyboard */; };
		A405C0D93E54D2CDC7B9EC48 /* Pods_myRxSwift.framework in Frameworks */ = {isa = PBXBuildFile; fileRef = D704E3A907637AAAEB5FAFDD /* Pods_myRxSwift.framework */; };
/* End PBXBuildFile section */

/* Begin PBXFileReference section */
		0327D249CF4BA6D7F986F828 /* Pods-myRxSwift.release.xcconfig */ = {isa = PBXFileReference; includeInIndex = 1; lastKnownFileType = text.xcconfig; name = "Pods-myRxSwift.release.xcconfig"; path = "Target Support Files/Pods-myRxSwift/Pods-myRxSwift.release.xcconfig"; sourceTree = "<group>"; };
		08E4F456E57A2D21A8D2A055 /* Pods-myRxSwift.debug.xcconfig */ = {isa = PBXFileReference; includeInIndex = 1; lastKnownFileType = text.xcconfig; name = "Pods-myRxSwift.debug.xcconfig"; path = "Target Support Files/Pods-myRxSwift/Pods-myRxSwift.debug.xcconfig"; sourceTree = "<group>"; };
		A0B785F82685E6C3001E3BA0 /* myRxSwift.app */ = {isa = PBXFileReference; explicitFileType = wrapper.application; includeInIndex = 0; path = myRxSwift.app; sourceTree = BUILT_PRODUCTS_DIR; };
		A0B785FB2685E6C3001E3BA0 /* AppDelegate.swift */ = {isa = PBXFileReference; lastKnownFileType = sourcecode.swift; path = AppDelegate.swift; sourceTree = "<group>"; };
		A0B785FD2685E6C3001E3BA0 /* SceneDelegate.swift */ = {isa = PBXFileReference; lastKnownFileType = sourcecode.swift; path = SceneDelegate.swift; sourceTree = "<group>"; };
		A0B785FF2685E6C3001E3BA0 /* ViewController.swift */ = {isa = PBXFileReference; lastKnownFileType = sourcecode.swift; path = ViewController.swift; sourceTree = "<group>"; };
		A0B786022685E6C3001E3BA0 /* Base */ = {isa = PBXFileReference; lastKnownFileType = file.storyboard; name = Base; path = Base.lproj/Main.storyboard; sourceTree = "<group>"; };
		A0B786042685E6C5001E3BA0 /* Assets.xcassets */ = {isa = PBXFileReference; lastKnownFileType = folder.assetcatalog; path = Assets.xcassets; sourceTree = "<group>"; };
		A0B786072685E6C5001E3BA0 /* Base */ = {isa = PBXFileReference; lastKnownFileType = file.storyboard; name = Base; path = Base.lproj/LaunchScreen.storyboard; sourceTree = "<group>"; };
		A0B786092685E6C5001E3BA0 /* Info.plist */ = {isa = PBXFileReference; lastKnownFileType = text.plist.xml; path = Info.plist; sourceTree = "<group>"; };
		D704E3A907637AAAEB5FAFDD /* Pods_myRxSwift.framework */ = {isa = PBXFileReference; explicitFileType = wrapper.framework; includeInIndex = 0; path = Pods_myRxSwift.framework; sourceTree = BUILT_PRODUCTS_DIR; };
/* End PBXFileReference section */

/* Begin PBXFrameworksBuildPhase section */
		A0B785F52685E6C3001E3BA0 /* Frameworks */ = {
			isa = PBXFrameworksBuildPhase;
			buildActionMask = 2147483647;
			files = (
				A405C0D93E54D2CDC7B9EC48 /* Pods_myRxSwift.framework in Frameworks */,
			);
			runOnlyForDeploymentPostprocessing = 0;
		};
/* End PBXFrameworksBuildPhase section */

/* Begin PBXGroup section */
		0186C060BBDFDEEE1C7A3FD6 /* Pods */ = {
			isa = PBXGroup;
			children = (
				08E4F456E57A2D21A8D2A055 /* Pods-myRxSwift.debug.xcconfig */,
				0327D249CF4BA6D7F986F828 /* Pods-myRxSwift.release.xcconfig */,
			);
			name = Pods;
			path = Pods;
			sourceTree = "<group>";
		};
		633A4CD0A0D43295346A716E /* Frameworks */ = {
			isa = PBXGroup;
			children = (
				D704E3A907637AAAEB5FAFDD /* Pods_myRxSwift.framework */,
			);
			name = Frameworks;
			sourceTree = "<group>";
		};
		A0B785EF2685E6C3001E3BA0 = {
			isa = PBXGroup;
			children = (
				A0B785FA2685E6C3001E3BA0 /* myRxSwift */,
				A0B785F92685E6C3001E3BA0 /* Products */,
				0186C060BBDFDEEE1C7A3FD6 /* Pods */,
				633A4CD0A0D43295346A716E /* Frameworks */,
			);
			sourceTree = "<group>";
		};
		A0B785F92685E6C3001E3BA0 /* Products */ = {
			isa = PBXGroup;
			children = (
				A0B785F82685E6C3001E3BA0 /* myRxSwift.app */,
			);
			name = Products;
			sourceTree = "<group>";
		};
		A0B785FA2685E6C3001E3BA0 /* myRxSwift */ = {
			isa = PBXGroup;
			children = (
				A0B785FB2685E6C3001E3BA0 /* AppDelegate.swift */,
				A0B785FD2685E6C3001E3BA0 /* SceneDelegate.swift */,
				A0B785FF2685E6C3001E3BA0 /* ViewController.swift */,
				A0B786012685E6C3001E3BA0 /* Main.storyboard */,
				A0B786042685E6C5001E3BA0 /* Assets.xcassets */,
				A0B786062685E6C5001E3BA0 /* LaunchScreen.storyboard */,
				A0B786092685E6C5001E3BA0 /* Info.plist */,
			);
			path = myRxSwift;
			sourceTree = "<group>";
		};
/* End PBXGroup section */

/* Begin PBXNativeTarget section */
		A0B785F72685E6C3001E3BA0 /* myRxSwift */ = {
			isa = PBXNativeTarget;
			buildConfigurationList = A0B7860C2685E6C5001E3BA0 /* Build configuration list for PBXNativeTarget "myRxSwift" */;
			buildPhases = (
				E68EEDB9C7D09C1C35B959AD /* [CP] Check Pods Manifest.lock */,
				A0B785F42685E6C3001E3BA0 /* Sources */,
				A0B785F52685E6C3001E3BA0 /* Frameworks */,
				A0B785F62685E6C3001E3BA0 /* Resources */,
				28716CE01C7B631131DA0D6A /* [CP] Embed Pods Frameworks */,
			);
			buildRules = (
			);
			dependencies = (
			);
			name = myRxSwift;
			productName = myRxSwift;
			productReference = A0B785F82685E6C3001E3BA0 /* myRxSwift.app */;
			productType = "com.apple.product-type.application";
		};
/* End PBXNativeTarget section */

/* Begin PBXProject section */
		A0B785F02685E6C3001E3BA0 /* Project object */ = {
			isa = PBXProject;
			attributes = {
				LastSwiftUpdateCheck = 1250;
				LastUpgradeCheck = 1250;
				TargetAttributes = {
					A0B785F72685E6C3001E3BA0 = {
						CreatedOnToolsVersion = 12.5.1;
					};
				};
			};
			buildConfigurationList = A0B785F32685E6C3001E3BA0 /* Build configuration list for PBXProject "myRxSwift" */;
			compatibilityVersion = "Xcode 9.3";
			developmentRegion = en;
			hasScannedForEncodings = 0;
			knownRegions = (
				en,
				Base,
			);
			mainGroup = A0B785EF2685E6C3001E3BA0;
			productRefGroup = A0B785F92685E6C3001E3BA0 /* Products */;
			projectDirPath = "";
			projectRoot = "";
			targets = (
				A0B785F72685E6C3001E3BA0 /* myRxSwift */,
			);
		};
/* End PBXProject section */

/* Begin PBXResourcesBuildPhase section */
		A0B785F62685E6C3001E3BA0 /* Resources */ = {
			isa = PBXResourcesBuildPhase;
			buildActionMask = 2147483647;
			files = (
				A0B786082685E6C5001E3BA0 /* LaunchScreen.storyboard in Resources */,
				A0B786052685E6C5001E3BA0 /* Assets.xcassets in Resources */,
				A0B786032685E6C3001E3BA0 /* Main.storyboard in Resources */,
			);
			runOnlyForDeploymentPostprocessing = 0;
		};
/* End PBXResourcesBuildPhase section */

/* Begin PBXShellScriptBuildPhase section */
		28716CE01C7B631131DA0D6A /* [CP] Embed Pods Frameworks */ = {
			isa = PBXShellScriptBuildPhase;
			buildActionMask = 2147483647;
			files = (
			);
			inputFileListPaths = (
				"${PODS_ROOT}/Target Support Files/Pods-myRxSwift/Pods-myRxSwift-frameworks-${CONFIGURATION}-input-files.xcfilelist",
			);
			name = "[CP] Embed Pods Frameworks";
			outputFileListPaths = (
				"${PODS_ROOT}/Target Support Files/Pods-myRxSwift/Pods-myRxSwift-frameworks-${CONFIGURATION}-output-files.xcfilelist",
			);
			runOnlyForDeploymentPostprocessing = 0;
			shellPath = /bin/sh;
			shellScript = "\"${PODS_ROOT}/Target Support Files/Pods-myRxSwift/Pods-myRxSwift-frameworks.sh\"\n";
			showEnvVarsInLog = 0;
		};
		E68EEDB9C7D09C1C35B959AD /* [CP] Check Pods Manifest.lock */ = {
			isa = PBXShellScriptBuildPhase;
			buildActionMask = 2147483647;
			files = (
			);
			inputFileListPaths = (
			);
			inputPaths = (
				"${PODS_PODFILE_DIR_PATH}/Podfile.lock",
				"${PODS_ROOT}/Manifest.lock",
			);
			name = "[CP] Check Pods Manifest.lock";
			outputFileListPaths = (
			);
			outputPaths = (
				"$(DERIVED_FILE_DIR)/Pods-myRxSwift-checkManifestLockResult.txt",
			);
			runOnlyForDeploymentPostprocessing = 0;
			shellPath = /bin/sh;
			shellScript = "diff \"${PODS_PODFILE_DIR_PATH}/Podfile.lock\" \"${PODS_ROOT}/Manifest.lock\" > /dev/null\nif [ $? != 0 ] ; then\n    # print error to STDERR\n    echo \"error: The sandbox is not in sync with the Podfile.lock. Run 'pod install' or update your CocoaPods installation.\" >&2\n    exit 1\nfi\n# This output is used by Xcode 'outputs' to avoid re-running this script phase.\necho \"SUCCESS\" > \"${SCRIPT_OUTPUT_FILE_0}\"\n";
			showEnvVarsInLog = 0;
		};
/* End PBXShellScriptBuildPhase section */

/* Begin PBXSourcesBuildPhase section */
		A0B785F42685E6C3001E3BA0 /* Sources */ = {
			isa = PBXSourcesBuildPhase;
			buildActionMask = 2147483647;
			files = (
				A0B786002685E6C3001E3BA0 /* ViewController.swift in Sources */,
				A0B785FC2685E6C3001E3BA0 /* AppDelegate.swift in Sources */,
				A0B785FE2685E6C3001E3BA0 /* SceneDelegate.swift in Sources */,
			);
			runOnlyForDeploymentPostprocessing = 0;
		};
/* End PBXSourcesBuildPhase section */

/* Begin PBXVariantGroup section */
		A0B786012685E6C3001E3BA0 /* Main.storyboard */ = {
			isa = PBXVariantGroup;
			children = (
				A0B786022685E6C3001E3BA0 /* Base */,
			);
			name = Main.storyboard;
			sourceTree = "<group>";
		};
		A0B786062685E6C5001E3BA0 /* LaunchScreen.storyboard */ = {
			isa = PBXVariantGroup;
			children = (
				A0B786072685E6C5001E3BA0 /* Base */,
			);
			name = LaunchScreen.storyboard;
			sourceTree = "<group>";
		};
/* End PBXVariantGroup section */

/* Begin XCBuildConfiguration section */
		A0B7860A2685E6C5001E3BA0 /* Debug */ = {
			isa = XCBuildConfiguration;
			buildSettings = {
				ALWAYS_SEARCH_USER_PATHS = NO;
				CLANG_ANALYZER_NONNULL = YES;
				CLANG_ANALYZER_NUMBER_OBJECT_CONVERSION = YES_AGGRESSIVE;
				CLANG_CXX_LANGUAGE_STANDARD = "gnu++14";
				CLANG_CXX_LIBRARY = "libc++";
				CLANG_ENABLE_MODULES = YES;
				CLANG_ENABLE_OBJC_ARC = YES;
				CLANG_ENABLE_OBJC_WEAK = YES;
				CLANG_WARN_BLOCK_CAPTURE_AUTORELEASING = YES;
				CLANG_WARN_BOOL_CONVERSION = YES;
				CLANG_WARN_COMMA = YES;
				CLANG_WARN_CONSTANT_CONVERSION = YES;
				CLANG_WARN_DEPRECATED_OBJC_IMPLEMENTATIONS = YES;
				CLANG_WARN_DIRECT_OBJC_ISA_USAGE = YES_ERROR;
				CLANG_WARN_DOCUMENTATION_COMMENTS = YES;
				CLANG_WARN_EMPTY_BODY = YES;
				CLANG_WARN_ENUM_CONVERSION = YES;
				CLANG_WARN_INFINITE_RECURSION = YES;
				CLANG_WARN_INT_CONVERSION = YES;
				CLANG_WARN_NON_LITERAL_NULL_CONVERSION = YES;
				CLANG_WARN_OBJC_IMPLICIT_RETAIN_SELF = YES;
				CLANG_WARN_OBJC_LITERAL_CONVERSION = YES;
				CLANG_WARN_OBJC_ROOT_CLASS = YES_ERROR;
				CLANG_WARN_QUOTED_INCLUDE_IN_FRAMEWORK_HEADER = YES;
				CLANG_WARN_RANGE_LOOP_ANALYSIS = YES;
				CLANG_WARN_STRICT_PROTOTYPES = YES;
				CLANG_WARN_SUSPICIOUS_MOVE = YES;
				CLANG_WARN_UNGUARDED_AVAILABILITY = YES_AGGRESSIVE;
				CLANG_WARN_UNREACHABLE_CODE = YES;
				CLANG_WARN__DUPLICATE_METHOD_MATCH = YES;
				COPY_PHASE_STRIP = NO;
				DEBUG_INFORMATION_FORMAT = dwarf;
				ENABLE_STRICT_OBJC_MSGSEND = YES;
				ENABLE_TESTABILITY = YES;
				GCC_C_LANGUAGE_STANDARD = gnu11;
				GCC_DYNAMIC_NO_PIC = NO;
				GCC_NO_COMMON_BLOCKS = YES;
				GCC_OPTIMIZATION_LEVEL = 0;
				GCC_PREPROCESSOR_DEFINITIONS = (
					"DEBUG=1",
					"$(inherited)",
				);
				GCC_WARN_64_TO_32_BIT_CONVERSION = YES;
				GCC_WARN_ABOUT_RETURN_TYPE = YES_ERROR;
				GCC_WARN_UNDECLARED_SELECTOR = YES;
				GCC_WARN_UNINITIALIZED_AUTOS = YES_AGGRESSIVE;
				GCC_WARN_UNUSED_FUNCTION = YES;
				GCC_WARN_UNUSED_VARIABLE = YES;
				IPHONEOS_DEPLOYMENT_TARGET = 14.5;
				MTL_ENABLE_DEBUG_INFO = INCLUDE_SOURCE;
				MTL_FAST_MATH = YES;
				ONLY_ACTIVE_ARCH = YES;
				SDKROOT = iphoneos;
				SWIFT_ACTIVE_COMPILATION_CONDITIONS = DEBUG;
				SWIFT_OPTIMIZATION_LEVEL = "-Onone";
			};
			name = Debug;
		};
		A0B7860B2685E6C5001E3BA0 /* Release */ = {
			isa = XCBuildConfiguration;
			buildSettings = {
				ALWAYS_SEARCH_USER_PATHS = NO;
				CLANG_ANALYZER_NONNULL = YES;
				CLANG_ANALYZER_NUMBER_OBJECT_CONVERSION = YES_AGGRESSIVE;
				CLANG_CXX_LANGUAGE_STANDARD = "gnu++14";
				CLANG_CXX_LIBRARY = "libc++";
				CLANG_ENABLE_MODULES = YES;
				CLANG_ENABLE_OBJC_ARC = YES;
				CLANG_ENABLE_OBJC_WEAK = YES;
				CLANG_WARN_BLOCK_CAPTURE_AUTORELEASING = YES;
				CLANG_WARN_BOOL_CONVERSION = YES;
				CLANG_WARN_COMMA = YES;
				CLANG_WARN_CONSTANT_CONVERSION = YES;
				CLANG_WARN_DEPRECATED_OBJC_IMPLEMENTATIONS = YES;
				CLANG_WARN_DIRECT_OBJC_ISA_USAGE = YES_ERROR;
				CLANG_WARN_DOCUMENTATION_COMMENTS = YES;
				CLANG_WARN_EMPTY_BODY = YES;
				CLANG_WARN_ENUM_CONVERSION = YES;
				CLANG_WARN_INFINITE_RECURSION = YES;
				CLANG_WARN_INT_CONVERSION = YES;
				CLANG_WARN_NON_LITERAL_NULL_CONVERSION = YES;
				CLANG_WARN_OBJC_IMPLICIT_RETAIN_SELF = YES;
				CLANG_WARN_OBJC_LITERAL_CONVERSION = YES;
				CLANG_WARN_OBJC_ROOT_CLASS = YES_ERROR;
				CLANG_WARN_QUOTED_INCLUDE_IN_FRAMEWORK_HEADER = YES;
				CLANG_WARN_RANGE_LOOP_ANALYSIS = YES;
				CLANG_WARN_STRICT_PROTOTYPES = YES;
				CLANG_WARN_SUSPICIOUS_MOVE = YES;
				CLANG_WARN_UNGUARDED_AVAILABILITY = YES_AGGRESSIVE;
				CLANG_WARN_UNREACHABLE_CODE = YES;
				CLANG_WARN__DUPLICATE_METHOD_MATCH = YES;
				COPY_PHASE_STRIP = NO;
				DEBUG_INFORMATION_FORMAT = "dwarf-with-dsym";
				ENABLE_NS_ASSERTIONS = NO;
				ENABLE_STRICT_OBJC_MSGSEND = YES;
				GCC_C_LANGUAGE_STANDARD = gnu11;
				GCC_NO_COMMON_BLOCKS = YES;
				GCC_WARN_64_TO_32_BIT_CONVERSION = YES;
				GCC_WARN_ABOUT_RETURN_TYPE = YES_ERROR;
				GCC_WARN_UNDECLARED_SELECTOR = YES;
				GCC_WARN_UNINITIALIZED_AUTOS = YES_AGGRESSIVE;
				GCC_WARN_UNUSED_FUNCTION = YES;
				GCC_WARN_UNUSED_VARIABLE = YES;
				IPHONEOS_DEPLOYMENT_TARGET = 14.5;
				MTL_ENABLE_DEBUG_INFO = NO;
				MTL_FAST_MATH = YES;
				SDKROOT = iphoneos;
				SWIFT_COMPILATION_MODE = wholemodule;
				SWIFT_OPTIMIZATION_LEVEL = "-O";
				VALIDATE_PRODUCT = YES;
			};
			name = Release;
		};
		A0B7860D2685E6C5001E3BA0 /* Debug */ = {
			isa = XCBuildConfiguration;
			baseConfigurationReference = 08E4F456E57A2D21A8D2A055 /* Pods-myRxSwift.debug.xcconfig */;
			buildSettings = {
				ASSETCATALOG_COMPILER_APPICON_NAME = AppIcon;
				ASSETCATALOG_COMPILER_GLOBAL_ACCENT_COLOR_NAME = AccentColor;
				CODE_SIGN_STYLE = Automatic;
				DEVELOPMENT_TEAM = HM9J3DG5MT;
				INFOPLIST_FILE = myRxSwift/Info.plist;
				LD_RUNPATH_SEARCH_PATHS = (
					"$(inherited)",
					"@executable_path/Frameworks",
				);
				PRODUCT_BUNDLE_IDENTIFIER = com.soduma.myRxSwift;
				PRODUCT_NAME = "$(TARGET_NAME)";
				SWIFT_VERSION = 5.0;
				TARGETED_DEVICE_FAMILY = "1,2";
			};
			name = Debug;
		};
		A0B7860E2685E6C5001E3BA0 /* Release */ = {
			isa = XCBuildConfiguration;
			baseConfigurationReference = 0327D249CF4BA6D7F986F828 /* Pods-myRxSwift.release.xcconfig */;
			buildSettings = {
				ASSETCATALOG_COMPILER_APPICON_NAME = AppIcon;
				ASSETCATALOG_COMPILER_GLOBAL_ACCENT_COLOR_NAME = AccentColor;
				CODE_SIGN_STYLE = Automatic;
				DEVELOPMENT_TEAM = HM9J3DG5MT;
				INFOPLIST_FILE = myRxSwift/Info.plist;
				LD_RUNPATH_SEARCH_PATHS = (
					"$(inherited)",
					"@executable_path/Frameworks",
				);
				PRODUCT_BUNDLE_IDENTIFIER = com.soduma.myRxSwift;
				PRODUCT_NAME = "$(TARGET_NAME)";
				SWIFT_VERSION = 5.0;
				TARGETED_DEVICE_FAMILY = "1,2";
			};
			name = Release;
		};
/* End XCBuildConfiguration section */

/* Begin XCConfigurationList section */
		A0B785F32685E6C3001E3BA0 /* Build configuration list for PBXProject "myRxSwift" */ = {
			isa = XCConfigurationList;
			buildConfigurations = (
				A0B7860A2685E6C5001E3BA0 /* Debug */,
				A0B7860B2685E6C5001E3BA0 /* Release */,
			);
			defaultConfigurationIsVisible = 0;
			defaultConfigurationName = Release;
		};
		A0B7860C2685E6C5001E3BA0 /* Build configuration list for PBXNativeTarget "myRxSwift" */ = {
			isa = XCConfigurationList;
			buildConfigurations = (
				A0B7860D2685E6C5001E3BA0 /* Debug */,
				A0B7860E2685E6C5001E3BA0 /* Release */,
			);
			defaultConfigurationIsVisible = 0;
			defaultConfigurationName = Release;
		};
/* End XCConfigurationList section */
	};
	rootObject = A0B785F02685E6C3001E3BA0 /* Project object */;
}
